{
  "name": "tauri2demo",
  "version": "0.0.1",
  "lockfileVersion": 3,
  "requires": true,
  "packages": {
    "": {
      "name": "tauri2demo",
      "version": "0.0.1",
      "devDependencies": {
        "@tauri-apps/cli": "^2.0.0"
      }
    },
    "D:/MyWork/GitCode/tauri2demo/node_modules/.pnpm/@tauri-apps+cli@2.8.4/node_modules/@tauri-apps/cli": {
      "version": "2.8.4",
      "dev": true,
      "license": "Apache-2.0 OR MIT",
      "bin": {
        "tauri": "tauri.js"
      },
      "devDependencies": {
        "@napi-rs/cli": "^3.0.0",
        "@types/node": "^22.15.32",
        "cross-env": "10.0.0",
        "vitest": "^3.2.4"
      },
      "engines": {
        "node": ">= 10"
      },
      "funding": {
        "type": "opencollective",
        "url": "https://opencollective.com/tauri"
      },
      "optionalDependencies": {
        "@tauri-apps/cli-darwin-arm64": "2.8.4",
        "@tauri-apps/cli-darwin-x64": "2.8.4",
        "@tauri-apps/cli-linux-arm-gnueabihf": "2.8.4",
        "@tauri-apps/cli-linux-arm64-gnu": "2.8.4",
        "@tauri-apps/cli-linux-arm64-musl": "2.8.4",
        "@tauri-apps/cli-linux-riscv64-gnu": "2.8.4",
        "@tauri-apps/cli-linux-x64-gnu": "2.8.4",
        "@tauri-apps/cli-linux-x64-musl": "2.8.4",
        "@tauri-apps/cli-win32-arm64-msvc": "2.8.4",
        "@tauri-apps/cli-win32-ia32-msvc": "2.8.4",
        "@tauri-apps/cli-win32-x64-msvc": "2.8.4"
      }
    },
    "node_modules/@tauri-apps/cli": {
      "resolved": "D:/MyWork/GitCode/tauri2demo/node_modules/.pnpm/@tauri-apps+cli@2.8.4/node_modules/@tauri-apps/cli",
      "link": true
    }
  }
}
